// !$*UTF8*$!
{
	archiveVersion = 1;
	classes = {
	};
	objectVersion = 50;
	objects = {

/* Begin PBXBuildFile section */
		68A9D2A624BDB81A0037BC3B /* AppDelegate.swift in Sources */ = {isa = PBXBuildFile; fileRef = 68A9D2A524BDB81A0037BC3B /* AppDelegate.swift */; };
		68A9D2A824BDB81A0037BC3B /* SceneDelegate.swift in Sources */ = {isa = PBXBuildFile; fileRef = 68A9D2A724BDB81A0037BC3B /* SceneDelegate.swift */; };
		68A9D2AA24BDB81A0037BC3B /* ViewController.swift in Sources */ = {isa = PBXBuildFile; fileRef = 68A9D2A924BDB81A0037BC3B /* ViewController.swift */; };
		68A9D2AD24BDB81A0037BC3B /* Main.storyboard in Resources */ = {isa = PBXBuildFile; fileRef = 68A9D2AB24BDB81A0037BC3B /* Main.storyboard */; };
		68A9D2AF24BDB8230037BC3B /* Assets.xcassets in Resources */ = {isa = PBXBuildFile; fileRef = 68A9D2AE24BDB8230037BC3B /* Assets.xcassets */; };
		68A9D2B224BDB8230037BC3B /* LaunchScreen.storyboard in Resources */ = {isa = PBXBuildFile; fileRef = 68A9D2B024BDB8230037BC3B /* LaunchScreen.storyboard */; };
/* End PBXBuildFile section */

/* Begin PBXFileReference section */
		68A9D2A224BDB81A0037BC3B /* Dainik-Karya.app */ = {isa = PBXFileReference; explicitFileType = wrapper.application; includeInIndex = 0; path = "Dainik-Karya.app"; sourceTree = BUILT_PRODUCTS_DIR; };
		68A9D2A524BDB81A0037BC3B /* AppDelegate.swift */ = {isa = PBXFileReference; lastKnownFileType = sourcecode.swift; path = AppDelegate.swift; sourceTree = "<group>"; };
		68A9D2A724BDB81A0037BC3B /* SceneDelegate.swift */ = {isa = PBXFileReference; lastKnownFileType = sourcecode.swift; path = SceneDelegate.swift; sourceTree = "<group>"; };
		68A9D2A924BDB81A0037BC3B /* ViewController.swift */ = {isa = PBXFileReference; lastKnownFileType = sourcecode.swift; path = ViewController.swift; sourceTree = "<group>"; };
		68A9D2AC24BDB81A0037BC3B /* Base */ = {isa = PBXFileReference; lastKnownFileType = file.storyboard; name = Base; path = Base.lproj/Main.storyboard; sourceTree = "<group>"; };
		68A9D2AE24BDB8230037BC3B /* Assets.xcassets */ = {isa = PBXFileReference; lastKnownFileType = folder.assetcatalog; path = Assets.xcassets; sourceTree = "<group>"; };
		68A9D2B124BDB8230037BC3B /* Base */ = {isa = PBXFileReference; lastKnownFileType = file.storyboard; name = Base; path = Base.lproj/LaunchScreen.storyboard; sourceTree = "<group>"; };
		68A9D2B324BDB8230037BC3B /* Info.plist */ = {isa = PBXFileReference; lastKnownFileType = text.plist.xml; path = Info.plist; sourceTree = "<group>"; };
/* End PBXFileReference section */

/* Begin PBXFrameworksBuildPhase section */
		68A9D29F24BDB81A0037BC3B /* Frameworks */ = {
			isa = PBXFrameworksBuildPhase;
			buildActionMask = 2147483647;
			files = (
			);
			runOnlyForDeploymentPostprocessing = 0;
		};
/* End PBXFrameworksBuildPhase section */

/* Begin PBXGroup section */
		68A9D29924BDB81A0037BC3B = {
			isa = PBXGroup;
			children = (
				68A9D2A424BDB81A0037BC3B /* Dainik-Karya */,
				68A9D2A324BDB81A0037BC3B /* Products */,
			);
			sourceTree = "<group>";
		};
		68A9D2A324BDB81A0037BC3B /* Products */ = {
			isa = PBXGroup;
			children = (
				68A9D2A224BDB81A0037BC3B /* Dainik-Karya.app */,
			);
			name = Products;
			sourceTree = "<group>";
		};
		68A9D2A424BDB81A0037BC3B /* Dainik-Karya */ = {
			isa = PBXGroup;
			children = (
				68A9D2A524BDB81A0037BC3B /* AppDelegate.swift */,
				68A9D2A724BDB81A0037BC3B /* SceneDelegate.swift */,
				68A9D2A924BDB81A0037BC3B /* ViewController.swift */,
				68A9D2AB24BDB81A0037BC3B /* Main.storyboard */,
				68A9D2AE24BDB8230037BC3B /* Assets.xcassets */,
				68A9D2B024BDB8230037BC3B /* LaunchScreen.storyboard */,
				68A9D2B324BDB8230037BC3B /* Info.plist */,
			);
			path = "Dainik-Karya";
			sourceTree = "<group>";
		};
/* End PBXGroup section */

/* Begin PBXNativeTarget section */
		68A9D2A124BDB81A0037BC3B /* Dainik-Karya */ = {
			isa = PBXNativeTarget;
			buildConfigurationList = 68A9D2B624BDB8230037BC3B /* Build configuration list for PBXNativeTarget "Dainik-Karya" */;
			buildPhases = (
				68A9D29E24BDB81A0037BC3B /* Sources */,
				68A9D29F24BDB81A0037BC3B /* Frameworks */,
				68A9D2A024BDB81A0037BC3B /* Resources */,
			);
			buildRules = (
			);
			dependencies = (
			);
			name = "Dainik-Karya";
			productName = "Dainik-Karya";
			productReference = 68A9D2A224BDB81A0037BC3B /* Dainik-Karya.app */;
			productType = "com.apple.product-type.application";
		};
/* End PBXNativeTarget section */

/* Begin PBXProject section */
		68A9D29A24BDB81A0037BC3B /* Project object */ = {
			isa = PBXProject;
			attributes = {
				LastSwiftUpdateCheck = 1150;
				LastUpgradeCheck = 1150;
				ORGANIZATIONNAME = "Aditaya Rana";
				TargetAttributes = {
					68A9D2A124BDB81A0037BC3B = {
						CreatedOnToolsVersion = 11.5;
					};
				};
			};
			buildConfigurationList = 68A9D29D24BDB81A0037BC3B /* Build configuration list for PBXProject "Dainik-Karya" */;
			compatibilityVersion = "Xcode 9.3";
			developmentRegion = en;
			hasScannedForEncodings = 0;
			knownRegions = (
				en,
				Base,
			);
			mainGroup = 68A9D29924BDB81A0037BC3B;
			productRefGroup = 68A9D2A324BDB81A0037BC3B /* Products */;
			projectDirPath = "";
			projectRoot = "";
			targets = (
				68A9D2A124BDB81A0037BC3B /* Dainik-Karya */,
			);
		};
/* End PBXProject section */

/* Begin PBXResourcesBuildPhase section */
		68A9D2A024BDB81A0037BC3B /* Resources */ = {
			isa = PBXResourcesBuildPhase;
			buildActionMask = 2147483647;
			files = (
				68A9D2B224BDB8230037BC3B /* LaunchScreen.storyboard in Resources */,
				68A9D2AF24BDB8230037BC3B /* Assets.xcassets in Resources */,
				68A9D2AD24BDB81A0037BC3B /* Main.storyboard in Resources */,
			);
			runOnlyForDeploymentPostprocessing = 0;
		};
/* End PBXResourcesBuildPhase section */

/* Begin PBXSourcesBuildPhase section */
		68A9D29E24BDB81A0037BC3B /* Sources */ = {
			isa = PBXSourcesBuildPhase;
			buildActionMask = 2147483647;
			files = (
				68A9D2AA24BDB81A0037BC3B /* ViewController.swift in Sources */,
				68A9D2A624BDB81A0037BC3B /* AppDelegate.swift in Sources */,
				68A9D2A824BDB81A0037BC3B /* SceneDelegate.swift in Sources */,
			);
			runOnlyForDeploymentPostprocessing = 0;
		};
/* End PBXSourcesBuildPhase section */

/* Begin PBXVariantGroup section */
		68A9D2AB24BDB81A0037BC3B /* Main.storyboard */ = {
			isa = PBXVariantGroup;
			children = (
				68A9D2AC24BDB81A0037BC3B /* Base */,
			);
			name = Main.storyboard;
			sourceTree = "<group>";
		};
		68A9D2B024BDB8230037BC3B /* LaunchScreen.storyboard */ = {
			isa = PBXVariantGroup;
			children = (
				68A9D2B124BDB8230037BC3B /* Base */,
			);
			name = LaunchScreen.storyboard;
			sourceTree = "<group>";
		};
/* End PBXVariantGroup section */

/* Begin XCBuildConfiguration section */
		68A9D2B424BDB8230037BC3B /* Debug */ = {
			isa = XCBuildConfiguration;
			buildSettings = {
				ALWAYS_SEARCH_USER_PATHS = NO;
				CLANG_ANALYZER_NONNULL = YES;
				CLANG_ANALYZER_NUMBER_OBJECT_CONVERSION = YES_AGGRESSIVE;
				CLANG_CXX_LANGUAGE_STANDARD = "gnu++14";
				CLANG_CXX_LIBRARY = "libc++";
				CLANG_ENABLE_MODULES = YES;
				CLANG_ENABLE_OBJC_ARC = YES;
				CLANG_ENABLE_OBJC_WEAK = YES;
				CLANG_WARN_BLOCK_CAPTURE_AUTORELEASING = YES;
				CLANG_WARN_BOOL_CONVERSION = YES;
				CLANG_WARN_COMMA = YES;
				CLANG_WARN_CONSTANT_CONVERSION = YES;
				CLANG_WARN_DEPRECATED_OBJC_IMPLEMENTATIONS = YES;
				CLANG_WARN_DIRECT_OBJC_ISA_USAGE = YES_ERROR;
				CLANG_WARN_DOCUMENTATION_COMMENTS = YES;
				CLANG_WARN_EMPTY_BODY = YES;
				CLANG_WARN_ENUM_CONVERSION = YES;
				CLANG_WARN_INFINITE_RECURSION = YES;
				CLANG_WARN_INT_CONVERSION = YES;
				CLANG_WARN_NON_LITERAL_NULL_CONVERSION = YES;
				CLANG_WARN_OBJC_IMPLICIT_RETAIN_SELF = YES;
				CLANG_WARN_OBJC_LITERAL_CONVERSION = YES;
				CLANG_WARN_OBJC_ROOT_CLASS = YES_ERROR;
				CLANG_WARN_RANGE_LOOP_ANALYSIS = YES;
				CLANG_WARN_STRICT_PROTOTYPES = YES;
				CLANG_WARN_SUSPICIOUS_MOVE = YES;
				CLANG_WARN_UNGUARDED_AVAILABILITY = YES_AGGRESSIVE;
				CLANG_WARN_UNREACHABLE_CODE = YES;
				CLANG_WARN__DUPLICATE_METHOD_MATCH = YES;
				COPY_PHASE_STRIP = NO;
				DEBUG_INFORMATION_FORMAT = dwarf;
				ENABLE_STRICT_OBJC_MSGSEND = YES;
				ENABLE_TESTABILITY = YES;
				GCC_C_LANGUAGE_STANDARD = gnu11;
				GCC_DYNAMIC_NO_PIC = NO;
				GCC_NO_COMMON_BLOCKS = YES;
				GCC_OPTIMIZATION_LEVEL = 0;
				GCC_PREPROCESSOR_DEFINITIONS = (
					"DEBUG=1",
					"$(inherited)",
				);
				GCC_WARN_64_TO_32_BIT_CONVERSION = YES;
				GCC_WARN_ABOUT_RETURN_TYPE = YES_ERROR;
				GCC_WARN_UNDECLARED_SELECTOR = YES;
				GCC_WARN_UNINITIALIZED_AUTOS = YES_AGGRESSIVE;
				GCC_WARN_UNUSED_FUNCTION = YES;
				GCC_WARN_UNUSED_VARIABLE = YES;
				IPHONEOS_DEPLOYMENT_TARGET = 13.5;
				MTL_ENABLE_DEBUG_INFO = INCLUDE_SOURCE;
				MTL_FAST_MATH = YES;
				ONLY_ACTIVE_ARCH = YES;
				SDKROOT = iphoneos;
				SWIFT_ACTIVE_COMPILATION_CONDITIONS = DEBUG;
				SWIFT_OPTIMIZATION_LEVEL = "-Onone";
			};
			name = Debug;
		};
		68A9D2B524BDB8230037BC3B /* Release */ = {
			isa = XCBuildConfiguration;
			buildSettings = {
				ALWAYS_SEARCH_USER_PATHS = NO;
				CLANG_ANALYZER_NONNULL = YES;
				CLANG_ANALYZER_NUMBER_OBJECT_CONVERSION = YES_AGGRESSIVE;
				CLANG_CXX_LANGUAGE_STANDARD = "gnu++14";
				CLANG_CXX_LIBRARY = "libc++";
				CLANG_ENABLE_MODULES = YES;
				CLANG_ENABLE_OBJC_ARC = YES;
				CLANG_ENABLE_OBJC_WEAK = YES;
				CLANG_WARN_BLOCK_CAPTURE_AUTORELEASING = YES;
				CLANG_WARN_BOOL_CONVERSION = YES;
				CLANG_WARN_COMMA = YES;
				CLANG_WARN_CONSTANT_CONVERSION = YES;
				CLANG_WARN_DEPRECATED_OBJC_IMPLEMENTATIONS = YES;
				CLANG_WARN_DIRECT_OBJC_ISA_USAGE = YES_ERROR;
				CLANG_WARN_DOCUMENTATION_COMMENTS = YES;
				CLANG_WARN_EMPTY_BODY = YES;
				CLANG_WARN_ENUM_CONVERSION = YES;
				CLANG_WARN_INFINITE_RECURSION = YES;
				CLANG_WARN_INT_CONVERSION = YES;
				CLANG_WARN_NON_LITERAL_NULL_CONVERSION = YES;
				CLANG_WARN_OBJC_IMPLICIT_RETAIN_SELF = YES;
				CLANG_WARN_OBJC_LITERAL_CONVERSION = YES;
				CLANG_WARN_OBJC_ROOT_CLASS = YES_ERROR;
				CLANG_WARN_RANGE_LOOP_ANALYSIS = YES;
				CLANG_WARN_STRICT_PROTOTYPES = YES;
				CLANG_WARN_SUSPICIOUS_MOVE = YES;
				CLANG_WARN_UNGUARDED_AVAILABILITY = YES_AGGRESSIVE;
				CLANG_WARN_UNREACHABLE_CODE = YES;
				CLANG_WARN__DUPLICATE_METHOD_MATCH = YES;
				COPY_PHASE_STRIP = NO;
				DEBUG_INFORMATION_FORMAT = "dwarf-with-dsym";
				ENABLE_NS_ASSERTIONS = NO;
				ENABLE_STRICT_OBJC_MSGSEND = YES;
				GCC_C_LANGUAGE_STANDARD = gnu11;
				GCC_NO_COMMON_BLOCKS = YES;
				GCC_WARN_64_TO_32_BIT_CONVERSION = YES;
				GCC_WARN_ABOUT_RETURN_TYPE = YES_ERROR;
				GCC_WARN_UNDECLARED_SELECTOR = YES;
				GCC_WARN_UNINITIALIZED_AUTOS = YES_AGGRESSIVE;
				GCC_WARN_UNUSED_FUNCTION = YES;
				GCC_WARN_UNUSED_VARIABLE = YES;
				IPHONEOS_DEPLOYMENT_TARGET = 13.5;
				MTL_ENABLE_DEBUG_INFO = NO;
				MTL_FAST_MATH = YES;
				SDKROOT = iphoneos;
				SWIFT_COMPILATION_MODE = wholemodule;
				SWIFT_OPTIMIZATION_LEVEL = "-O";
				VALIDATE_PRODUCT = YES;
			};
			name = Release;
		};
		68A9D2B724BDB8230037BC3B /* Debug */ = {
			isa = XCBuildConfiguration;
			buildSettings = {
				ASSETCATALOG_COMPILER_APPICON_NAME = AppIcon;
				CODE_SIGN_STYLE = Automatic;
				INFOPLIST_FILE = "Dainik-Karya/Info.plist";
				LD_RUNPATH_SEARCH_PATHS = (
					"$(inherited)",
					"@executable_path/Frameworks",
				);
				PRODUCT_BUNDLE_IDENTIFIER = "com.aditayarana.Dainik-Karya";
				PRODUCT_NAME = "$(TARGET_NAME)";
				SWIFT_VERSION = 5.0;
				TARGETED_DEVICE_FAMILY = "1,2";
			};
			name = Debug;
		};
		68A9D2B824BDB8230037BC3B /* Release */ = {
			isa = XCBuildConfiguration;
			buildSettings = {
				ASSETCATALOG_COMPILER_APPICON_NAME = AppIcon;
				CODE_SIGN_STYLE = Automatic;
				INFOPLIST_FILE = "Dainik-Karya/Info.plist";
				LD_RUNPATH_SEARCH_PATHS = (
					"$(inherited)",
					"@executable_path/Frameworks",
				);
				PRODUCT_BUNDLE_IDENTIFIER = "com.aditayarana.Dainik-Karya";
				PRODUCT_NAME = "$(TARGET_NAME)";
				SWIFT_VERSION = 5.0;
				TARGETED_DEVICE_FAMILY = "1,2";
			};
			name = Release;
		};
/* End XCBuildConfiguration section */

/* Begin XCConfigurationList section */
		68A9D29D24BDB81A0037BC3B /* Build configuration list for PBXProject "Dainik-Karya" */ = {
			isa = XCConfigurationList;
			buildConfigurations = (
				68A9D2B424BDB8230037BC3B /* Debug */,
				68A9D2B524BDB8230037BC3B /* Release */,
			);
			defaultConfigurationIsVisible = 0;
			defaultConfigurationName = Release;
		};
		68A9D2B624BDB8230037BC3B /* Build configuration list for PBXNativeTarget "Dainik-Karya" */ = {
			isa = XCConfigurationList;
			buildConfigurations = (
				68A9D2B724BDB8230037BC3B /* Debug */,
				68A9D2B824BDB8230037BC3B /* Release */,
			);
			defaultConfigurationIsVisible = 0;
			defaultConfigurationName = Release;
		};
/* End XCConfigurationList section */
	};
	rootObject = 68A9D29A24BDB81A0037BC3B /* Project object */;
}
